
Microsoft Visual Studio Solution File, Format Version 12.00
# Visual Studio Version 17
VisualStudioVersion = 17.14.36414.22 d17.14
MinimumVisualStudioVersion = 10.0.40219.1
Project("{FAE04EC0-301F-11D3-BF4B-00C04F79EFBC}") = "galeria-arte-mvc", "galeria-arte-mvc\galeria-arte-mvc.csproj", "{C103EECB-8486-4AEE-8A85-9665E3EEE0C6}"
EndProject
Global
	GlobalSection(SolutionConfigurationPlatforms) = preSolution
		Debug|Any CPU = Debug|Any CPU
		Release|Any CPU = Release|Any CPU
	EndGlobalSection
	GlobalSection(ProjectConfigurationPlatforms) = postSolution
		{C103EECB-8486-4AEE-8A85-9665E3EEE0C6}.Debug|Any CPU.ActiveCfg = Debug|Any CPU
		{C103EECB-8486-4AEE-8A85-9665E3EEE0C6}.Debug|Any CPU.Build.0 = Debug|Any CPU
		{C103EECB-8486-4AEE-8A85-9665E3EEE0C6}.Release|Any CPU.ActiveCfg = Release|Any CPU
		{C103EECB-8486-4AEE-8A85-9665E3EEE0C6}.Release|Any CPU.Build.0 = Release|Any CPU
	EndGlobalSection
	GlobalSection(SolutionProperties) = preSolution
		HideSolutionNode = FALSE
	EndGlobalSection
	GlobalSection(ExtensibilityGlobals) = postSolution
		SolutionGuid = {F3B907AA-8EB7-430C-BCD9-C2E79539C278}
	EndGlobalSection
EndGlobal
